
Microsoft Visual Studio Solution File, Format Version 12.00
# Visual Studio 14
VisualStudioVersion = 14.0.25123.0
MinimumVisualStudioVersion = 10.0.40219.1
Project("{FAE04EC0-301F-11D3-BF4B-00C04F79EFBC}") = "Install_UTAS_CHV0_PRINTERS", "Install_UTAS_CHV0_PRINTERS\Install_UTAS_CHV0_PRINTERS.csproj", "{DAA61C9D-BC1B-4DDC-8642-C04147B56BA2}"
EndProject
Global
	GlobalSection(SolutionConfigurationPlatforms) = preSolution
		Debug|Any CPU = Debug|Any CPU
		Release|Any CPU = Release|Any CPU
	EndGlobalSection
	GlobalSection(ProjectConfigurationPlatforms) = postSolution
		{DAA61C9D-BC1B-4DDC-8642-C04147B56BA2}.Debug|Any CPU.ActiveCfg = Debug|Any CPU
		{DAA61C9D-BC1B-4DDC-8642-C04147B56BA2}.Debug|Any CPU.Build.0 = Debug|Any CPU
		{DAA61C9D-BC1B-4DDC-8642-C04147B56BA2}.Release|Any CPU.ActiveCfg = Release|Any CPU
		{DAA61C9D-BC1B-4DDC-8642-C04147B56BA2}.Release|Any CPU.Build.0 = Release|Any CPU
	EndGlobalSection
	GlobalSection(SolutionProperties) = preSolution
		HideSolutionNode = FALSE
	EndGlobalSection
EndGlobal
